
Microsoft Visual Studio Solution File, Format Version 12.00
# Visual Studio Version 17
VisualStudioVersion = 17.7.34024.191
MinimumVisualStudioVersion = 10.0.40219.1
Project("{FAE04EC0-301F-11D3-BF4B-00C04F79EFBC}") = "Proy-Soft", "Proy-Soft\Proy-Soft.csproj", "{F7716C76-CEDA-4FCF-8B9D-773EA28B372C}"
EndProject
Global
	GlobalSection(SolutionConfigurationPlatforms) = preSolution
		Debug|Any CPU = Debug|Any CPU
		Release|Any CPU = Release|Any CPU
	EndGlobalSection
	GlobalSection(ProjectConfigurationPlatforms) = postSolution
		{F7716C76-CEDA-4FCF-8B9D-773EA28B372C}.Debug|Any CPU.ActiveCfg = Debug|Any CPU
		{F7716C76-CEDA-4FCF-8B9D-773EA28B372C}.Debug|Any CPU.Build.0 = Debug|Any CPU
		{F7716C76-CEDA-4FCF-8B9D-773EA28B372C}.Release|Any CPU.ActiveCfg = Release|Any CPU
		{F7716C76-CEDA-4FCF-8B9D-773EA28B372C}.Release|Any CPU.Build.0 = Release|Any CPU
	EndGlobalSection
	GlobalSection(SolutionProperties) = preSolution
		HideSolutionNode = FALSE
	EndGlobalSection
	GlobalSection(ExtensibilityGlobals) = postSolution
		SolutionGuid = {EB410487-18F6-46CD-A2C4-22F08D28C6C4}
	EndGlobalSection
EndGlobal
